
Microsoft Visual Studio Solution File, Format Version 12.00
# Visual Studio Version 16
VisualStudioVersion = 16.0.30907.101
MinimumVisualStudioVersion = 10.0.40219.1
Project("{FAE04EC0-301F-11D3-BF4B-00C04F79EFBC}") = "Demo_MVC_NetCore", "Demo_MVC_NetCore\Demo_MVC_NetCore.csproj", "{65750E6A-E787-477F-9C83-DB2B52E6C3EF}"
EndProject
Global
	GlobalSection(SolutionConfigurationPlatforms) = preSolution
		Debug|Any CPU = Debug|Any CPU
		Release|Any CPU = Release|Any CPU
	EndGlobalSection
	GlobalSection(ProjectConfigurationPlatforms) = postSolution
		{65750E6A-E787-477F-9C83-DB2B52E6C3EF}.Debug|Any CPU.ActiveCfg = Debug|Any CPU
		{65750E6A-E787-477F-9C83-DB2B52E6C3EF}.Debug|Any CPU.Build.0 = Debug|Any CPU
		{65750E6A-E787-477F-9C83-DB2B52E6C3EF}.Release|Any CPU.ActiveCfg = Release|Any CPU
		{65750E6A-E787-477F-9C83-DB2B52E6C3EF}.Release|Any CPU.Build.0 = Release|Any CPU
	EndGlobalSection
	GlobalSection(SolutionProperties) = preSolution
		HideSolutionNode = FALSE
	EndGlobalSection
	GlobalSection(ExtensibilityGlobals) = postSolution
		SolutionGuid = {BE31A9C7-74DB-422C-8918-B72767A6442E}
	EndGlobalSection
EndGlobal
